
Microsoft Visual Studio Solution File, Format Version 12.00
# Visual Studio 15
VisualStudioVersion = 15.0.27428.2015
MinimumVisualStudioVersion = 10.0.40219.1
Project("{8BC9CEB8-8B4A-11D0-8D11-00A0C91BC942}") = "kakao_2", "kakao_2\kakao_2.vcxproj", "{E6B69697-A539-4016-9411-E25BEC1BB448}"
EndProject
Global
	GlobalSection(SolutionConfigurationPlatforms) = preSolution
		Debug|x64 = Debug|x64
		Debug|x86 = Debug|x86
		Release|x64 = Release|x64
		Release|x86 = Release|x86
	EndGlobalSection
	GlobalSection(ProjectConfigurationPlatforms) = postSolution
		{E6B69697-A539-4016-9411-E25BEC1BB448}.Debug|x64.ActiveCfg = Debug|x64
		{E6B69697-A539-4016-9411-E25BEC1BB448}.Debug|x64.Build.0 = Debug|x64
		{E6B69697-A539-4016-9411-E25BEC1BB448}.Debug|x86.ActiveCfg = Debug|Win32
		{E6B69697-A539-4016-9411-E25BEC1BB448}.Debug|x86.Build.0 = Debug|Win32
		{E6B69697-A539-4016-9411-E25BEC1BB448}.Release|x64.ActiveCfg = Release|x64
		{E6B69697-A539-4016-9411-E25BEC1BB448}.Release|x64.Build.0 = Release|x64
		{E6B69697-A539-4016-9411-E25BEC1BB448}.Release|x86.ActiveCfg = Release|Win32
		{E6B69697-A539-4016-9411-E25BEC1BB448}.Release|x86.Build.0 = Release|Win32
	EndGlobalSection
	GlobalSection(SolutionProperties) = preSolution
		HideSolutionNode = FALSE
	EndGlobalSection
	GlobalSection(ExtensibilityGlobals) = postSolution
		SolutionGuid = {67D3126C-114D-4933-BE35-627A93B681A6}
	EndGlobalSection
EndGlobal
